
Microsoft Visual Studio Solution File, Format Version 12.00
# Visual Studio Version 16
VisualStudioVersion = 16.0.31205.134
MinimumVisualStudioVersion = 10.0.40219.1
Project("{FAE04EC0-301F-11D3-BF4B-00C04F79EFBC}") = "CD", "CD.csproj", "{7F4B1882-D491-47C4-A69F-C863D8F1E85A}"
EndProject
Global
	GlobalSection(SolutionConfigurationPlatforms) = preSolution
		Debug|Any CPU = Debug|Any CPU
		Release|Any CPU = Release|Any CPU
	EndGlobalSection
	GlobalSection(ProjectConfigurationPlatforms) = postSolution
		{7F4B1882-D491-47C4-A69F-C863D8F1E85A}.Debug|Any CPU.ActiveCfg = Debug|Any CPU
		{7F4B1882-D491-47C4-A69F-C863D8F1E85A}.Debug|Any CPU.Build.0 = Debug|Any CPU
		{7F4B1882-D491-47C4-A69F-C863D8F1E85A}.Release|Any CPU.ActiveCfg = Release|Any CPU
		{7F4B1882-D491-47C4-A69F-C863D8F1E85A}.Release|Any CPU.Build.0 = Release|Any CPU
	EndGlobalSection
	GlobalSection(SolutionProperties) = preSolution
		HideSolutionNode = FALSE
	EndGlobalSection
	GlobalSection(ExtensibilityGlobals) = postSolution
		SolutionGuid = {54EF8654-8DDB-4649-9911-1DE7355C0512}
	EndGlobalSection
EndGlobal
